
Microsoft Visual Studio Solution File, Format Version 12.00
# Visual Studio Version 17
VisualStudioVersion = 17.4.33213.308
MinimumVisualStudioVersion = 10.0.40219.1
Project("{FAE04EC0-301F-11D3-BF4B-00C04F79EFBC}") = "CS314App", "CS314App.csproj", "{B77C800C-D21C-44EC-A2E9-9483AAC95282}"
EndProject
Global
	GlobalSection(SolutionConfigurationPlatforms) = preSolution
		Debug|Any CPU = Debug|Any CPU
		Release|Any CPU = Release|Any CPU
	EndGlobalSection
	GlobalSection(ProjectConfigurationPlatforms) = postSolution
		{B77C800C-D21C-44EC-A2E9-9483AAC95282}.Debug|Any CPU.ActiveCfg = Debug|Any CPU
		{B77C800C-D21C-44EC-A2E9-9483AAC95282}.Debug|Any CPU.Build.0 = Debug|Any CPU
		{B77C800C-D21C-44EC-A2E9-9483AAC95282}.Release|Any CPU.ActiveCfg = Release|Any CPU
		{B77C800C-D21C-44EC-A2E9-9483AAC95282}.Release|Any CPU.Build.0 = Release|Any CPU
	EndGlobalSection
	GlobalSection(SolutionProperties) = preSolution
		HideSolutionNode = FALSE
	EndGlobalSection
	GlobalSection(ExtensibilityGlobals) = postSolution
		SolutionGuid = {4971FEB9-D54C-47BE-A665-441EB54A2CC5}
	EndGlobalSection
EndGlobal
